
Microsoft Visual Studio Solution File, Format Version 12.00
# Visual Studio Version 16
VisualStudioVersion = 16.0.33130.400
MinimumVisualStudioVersion = 10.0.40219.1
Project("{FAE04EC0-301F-11D3-BF4B-00C04F79EFBC}") = "WebApplicationII", "WebApplicationII\WebApplicationII.csproj", "{99FFE867-AF88-417A-8B42-E75D36DF5843}"
EndProject
Global
	GlobalSection(SolutionConfigurationPlatforms) = preSolution
		Debug|Any CPU = Debug|Any CPU
		Release|Any CPU = Release|Any CPU
	EndGlobalSection
	GlobalSection(ProjectConfigurationPlatforms) = postSolution
		{99FFE867-AF88-417A-8B42-E75D36DF5843}.Debug|Any CPU.ActiveCfg = Debug|Any CPU
		{99FFE867-AF88-417A-8B42-E75D36DF5843}.Debug|Any CPU.Build.0 = Debug|Any CPU
		{99FFE867-AF88-417A-8B42-E75D36DF5843}.Release|Any CPU.ActiveCfg = Release|Any CPU
		{99FFE867-AF88-417A-8B42-E75D36DF5843}.Release|Any CPU.Build.0 = Release|Any CPU
	EndGlobalSection
	GlobalSection(SolutionProperties) = preSolution
		HideSolutionNode = FALSE
	EndGlobalSection
	GlobalSection(ExtensibilityGlobals) = postSolution
		SolutionGuid = {DFF1BC9E-AD0D-4D38-89A4-B3BD7759CCAD}
	EndGlobalSection
EndGlobal
